
Microsoft Visual Studio Solution File, Format Version 12.00
# Visual Studio Version 17
VisualStudioVersion = 17.5.33516.290
MinimumVisualStudioVersion = 10.0.40219.1
Project("{FAE04EC0-301F-11D3-BF4B-00C04F79EFBC}") = "Proje_Hastane1", "Proje_Hastane1\Proje_Hastane1.csproj", "{DEAF7C5A-1039-45D7-96E9-EB88E748C609}"
EndProject
Global
	GlobalSection(SolutionConfigurationPlatforms) = preSolution
		Debug|Any CPU = Debug|Any CPU
		Release|Any CPU = Release|Any CPU
	EndGlobalSection
	GlobalSection(ProjectConfigurationPlatforms) = postSolution
		{DEAF7C5A-1039-45D7-96E9-EB88E748C609}.Debug|Any CPU.ActiveCfg = Debug|Any CPU
		{DEAF7C5A-1039-45D7-96E9-EB88E748C609}.Debug|Any CPU.Build.0 = Debug|Any CPU
		{DEAF7C5A-1039-45D7-96E9-EB88E748C609}.Release|Any CPU.ActiveCfg = Release|Any CPU
		{DEAF7C5A-1039-45D7-96E9-EB88E748C609}.Release|Any CPU.Build.0 = Release|Any CPU
	EndGlobalSection
	GlobalSection(SolutionProperties) = preSolution
		HideSolutionNode = FALSE
	EndGlobalSection
	GlobalSection(ExtensibilityGlobals) = postSolution
		SolutionGuid = {652EAC34-9859-4AAB-BDB6-C837C678992D}
	EndGlobalSection
EndGlobal
